
Microsoft Visual Studio Solution File, Format Version 12.00
# Visual Studio Version 16
VisualStudioVersion = 16.0.32002.261
MinimumVisualStudioVersion = 10.0.40219.1
Project("{FAE04EC0-301F-11D3-BF4B-00C04F79EFBC}") = "recyclerview", "recyclerview\recyclerview.csproj", "{199B38E5-1ABE-4C9D-B836-5525A0B87CD6}"
EndProject
Global
	GlobalSection(SolutionConfigurationPlatforms) = preSolution
		Debug|Any CPU = Debug|Any CPU
		Release|Any CPU = Release|Any CPU
	EndGlobalSection
	GlobalSection(ProjectConfigurationPlatforms) = postSolution
		{199B38E5-1ABE-4C9D-B836-5525A0B87CD6}.Debug|Any CPU.ActiveCfg = Debug|Any CPU
		{199B38E5-1ABE-4C9D-B836-5525A0B87CD6}.Debug|Any CPU.Build.0 = Debug|Any CPU
		{199B38E5-1ABE-4C9D-B836-5525A0B87CD6}.Debug|Any CPU.Deploy.0 = Debug|Any CPU
		{199B38E5-1ABE-4C9D-B836-5525A0B87CD6}.Release|Any CPU.ActiveCfg = Release|Any CPU
		{199B38E5-1ABE-4C9D-B836-5525A0B87CD6}.Release|Any CPU.Build.0 = Release|Any CPU
		{199B38E5-1ABE-4C9D-B836-5525A0B87CD6}.Release|Any CPU.Deploy.0 = Release|Any CPU
	EndGlobalSection
	GlobalSection(SolutionProperties) = preSolution
		HideSolutionNode = FALSE
	EndGlobalSection
	GlobalSection(ExtensibilityGlobals) = postSolution
		SolutionGuid = {4C9794FB-9FB3-4351-823C-0F22739A7010}
	EndGlobalSection
EndGlobal
